// !$*UTF8*$!
{
	archiveVersion = 1;
	classes = {
	};
	objectVersion = 46;
	objects = {

/* Begin PBXBuildFile section */
		F5DF7E0D1CC58C6900D323DD /* AppDelegate.swift in Sources */ = {isa = PBXBuildFile; fileRef = F5DF7E0C1CC58C6900D323DD /* AppDelegate.swift */; };
		F5DF7E0F1CC58C6900D323DD /* ViewController.swift in Sources */ = {isa = PBXBuildFile; fileRef = F5DF7E0E1CC58C6900D323DD /* ViewController.swift */; };
		F5DF7E121CC58C6900D323DD /* Main.storyboard in Resources */ = {isa = PBXBuildFile; fileRef = F5DF7E101CC58C6900D323DD /* Main.storyboard */; };
		F5DF7E141CC58C6900D323DD /* Assets.xcassets in Resources */ = {isa = PBXBuildFile; fileRef = F5DF7E131CC58C6900D323DD /* Assets.xcassets */; };
		F5DF7E171CC58C6900D323DD /* LaunchScreen.storyboard in Resources */ = {isa = PBXBuildFile; fileRef = F5DF7E151CC58C6900D323DD /* LaunchScreen.storyboard */; };
/* End PBXBuildFile section */

/* Begin PBXFileReference section */
		F5DF7E091CC58C6900D323DD /* superCool.app */ = {isa = PBXFileReference; explicitFileType = wrapper.application; includeInIndex = 0; path = superCool.app; sourceTree = BUILT_PRODUCTS_DIR; };
		F5DF7E0C1CC58C6900D323DD /* AppDelegate.swift */ = {isa = PBXFileReference; lastKnownFileType = sourcecode.swift; path = AppDelegate.swift; sourceTree = "<group>"; };
		F5DF7E0E1CC58C6900D323DD /* ViewController.swift */ = {isa = PBXFileReference; lastKnownFileType = sourcecode.swift; path = ViewController.swift; sourceTree = "<group>"; };
		F5DF7E111CC58C6900D323DD /* Base */ = {isa = PBXFileReference; lastKnownFileType = file.storyboard; name = Base; path = Base.lproj/Main.storyboard; sourceTree = "<group>"; };
		F5DF7E131CC58C6900D323DD /* Assets.xcassets */ = {isa = PBXFileReference; lastKnownFileType = folder.assetcatalog; path = Assets.xcassets; sourceTree = "<group>"; };
		F5DF7E161CC58C6900D323DD /* Base */ = {isa = PBXFileReference; lastKnownFileType = file.storyboard; name = Base; path = Base.lproj/LaunchScreen.storyboard; sourceTree = "<group>"; };
		F5DF7E181CC58C6900D323DD /* Info.plist */ = {isa = PBXFileReference; lastKnownFileType = text.plist.xml; path = Info.plist; sourceTree = "<group>"; };
/* End PBXFileReference section */

/* Begin PBXFrameworksBuildPhase section */
		F5DF7E061CC58C6800D323DD /* Frameworks */ = {
			isa = PBXFrameworksBuildPhase;
			buildActionMask = 2147483647;
			files = (
			);
			runOnlyForDeploymentPostprocessing = 0;
		};
/* End PBXFrameworksBuildPhase section */

/* Begin PBXGroup section */
		F5DF7E001CC58C6800D323DD = {
			isa = PBXGroup;
			children = (
				F5DF7E0B1CC58C6900D323DD /* superCool */,
				F5DF7E0A1CC58C6900D323DD /* Products */,
			);
			sourceTree = "<group>";
		};
		F5DF7E0A1CC58C6900D323DD /* Products */ = {
			isa = PBXGroup;
			children = (
				F5DF7E091CC58C6900D323DD /* superCool.app */,
			);
			name = Products;
			sourceTree = "<group>";
		};
		F5DF7E0B1CC58C6900D323DD /* superCool */ = {
			isa = PBXGroup;
			children = (
				F5DF7E0C1CC58C6900D323DD /* AppDelegate.swift */,
				F5DF7E0E1CC58C6900D323DD /* ViewController.swift */,
				F5DF7E101CC58C6900D323DD /* Main.storyboard */,
				F5DF7E131CC58C6900D323DD /* Assets.xcassets */,
				F5DF7E151CC58C6900D323DD /* LaunchScreen.storyboard */,
				F5DF7E181CC58C6900D323DD /* Info.plist */,
			);
			path = superCool;
			sourceTree = "<group>";
		};
/* End PBXGroup section */

/* Begin PBXNativeTarget section */
		F5DF7E081CC58C6800D323DD /* superCool */ = {
			isa = PBXNativeTarget;
			buildConfigurationList = F5DF7E1B1CC58C6900D323DD /* Build configuration list for PBXNativeTarget "superCool" */;
			buildPhases = (
				F5DF7E051CC58C6800D323DD /* Sources */,
				F5DF7E061CC58C6800D323DD /* Frameworks */,
				F5DF7E071CC58C6800D323DD /* Resources */,
			);
			buildRules = (
			);
			dependencies = (
			);
			name = superCool;
			productName = superCool;
			productReference = F5DF7E091CC58C6900D323DD /* superCool.app */;
			productType = "com.apple.product-type.application";
		};
/* End PBXNativeTarget section */

/* Begin PBXProject section */
		F5DF7E011CC58C6800D323DD /* Project object */ = {
			isa = PBXProject;
			attributes = {
				LastSwiftUpdateCheck = 0730;
				LastUpgradeCheck = 0730;
				ORGANIZATIONNAME = dhaya;
				TargetAttributes = {
					F5DF7E081CC58C6800D323DD = {
						CreatedOnToolsVersion = 7.3;
					};
				};
			};
			buildConfigurationList = F5DF7E041CC58C6800D323DD /* Build configuration list for PBXProject "superCool" */;
			compatibilityVersion = "Xcode 3.2";
			developmentRegion = English;
			hasScannedForEncodings = 0;
			knownRegions = (
				en,
				Base,
			);
			mainGroup = F5DF7E001CC58C6800D323DD;
			productRefGroup = F5DF7E0A1CC58C6900D323DD /* Products */;
			projectDirPath = "";
			projectRoot = "";
			targets = (
				F5DF7E081CC58C6800D323DD /* superCool */,
			);
		};
/* End PBXProject section */

/* Begin PBXResourcesBuildPhase section */
		F5DF7E071CC58C6800D323DD /* Resources */ = {
			isa = PBXResourcesBuildPhase;
			buildActionMask = 2147483647;
			files = (
				F5DF7E171CC58C6900D323DD /* LaunchScreen.storyboard in Resources */,
				F5DF7E141CC58C6900D323DD /* Assets.xcassets in Resources */,
				F5DF7E121CC58C6900D323DD /* Main.storyboard in Resources */,
			);
			runOnlyForDeploymentPostprocessing = 0;
		};
/* End PBXResourcesBuildPhase section */

/* Begin PBXSourcesBuildPhase section */
		F5DF7E051CC58C6800D323DD /* Sources */ = {
			isa = PBXSourcesBuildPhase;
			buildActionMask = 2147483647;
			files = (
				F5DF7E0F1CC58C6900D323DD /* ViewController.swift in Sources */,
				F5DF7E0D1CC58C6900D323DD /* AppDelegate.swift in Sources */,
			);
			runOnlyForDeploymentPostprocessing = 0;
		};
/* End PBXSourcesBuildPhase section */

/* Begin PBXVariantGroup section */
		F5DF7E101CC58C6900D323DD /* Main.storyboard */ = {
			isa = PBXVariantGroup;
			children = (
				F5DF7E111CC58C6900D323DD /* Base */,
			);
			name = Main.storyboard;
			sourceTree = "<group>";
		};
		F5DF7E151CC58C6900D323DD /* LaunchScreen.storyboard */ = {
			isa = PBXVariantGroup;
			children = (
				F5DF7E161CC58C6900D323DD /* Base */,
			);
			name = LaunchScreen.storyboard;
			sourceTree = "<group>";
		};
/* End PBXVariantGroup section */

/* Begin XCBuildConfiguration section */
		F5DF7E191CC58C6900D323DD /* Debug */ = {
			isa = XCBuildConfiguration;
			buildSettings = {
				ALWAYS_SEARCH_USER_PATHS = NO;
				CLANG_ANALYZER_NONNULL = YES;
				CLANG_CXX_LANGUAGE_STANDARD = "gnu++0x";
				CLANG_CXX_LIBRARY = "libc++";
				CLANG_ENABLE_MODULES = YES;
				CLANG_ENABLE_OBJC_ARC = YES;
				CLANG_WARN_BOOL_CONVERSION = YES;
				CLANG_WARN_CONSTANT_CONVERSION = YES;
				CLANG_WARN_DIRECT_OBJC_ISA_USAGE = YES_ERROR;
				CLANG_WARN_EMPTY_BODY = YES;
				CLANG_WARN_ENUM_CONVERSION = YES;
				CLANG_WARN_INT_CONVERSION = YES;
				CLANG_WARN_OBJC_ROOT_CLASS = YES_ERROR;
				CLANG_WARN_UNREACHABLE_CODE = YES;
				CLANG_WARN__DUPLICATE_METHOD_MATCH = YES;
				"CODE_SIGN_IDENTITY[sdk=iphoneos*]" = "iPhone Developer";
				COPY_PHASE_STRIP = NO;
				DEBUG_INFORMATION_FORMAT = dwarf;
				ENABLE_STRICT_OBJC_MSGSEND = YES;
				ENABLE_TESTABILITY = YES;
				GCC_C_LANGUAGE_STANDARD = gnu99;
				GCC_DYNAMIC_NO_PIC = NO;
				GCC_NO_COMMON_BLOCKS = YES;
				GCC_OPTIMIZATION_LEVEL = 0;
				GCC_PREPROCESSOR_DEFINITIONS = (
					"DEBUG=1",
					"$(inherited)",
				);
				GCC_WARN_64_TO_32_BIT_CONVERSION = YES;
				GCC_WARN_ABOUT_RETURN_TYPE = YES_ERROR;
				GCC_WARN_UNDECLARED_SELECTOR = YES;
				GCC_WARN_UNINITIALIZED_AUTOS = YES_AGGRESSIVE;
				GCC_WARN_UNUSED_FUNCTION = YES;
				GCC_WARN_UNUSED_VARIABLE = YES;
				IPHONEOS_DEPLOYMENT_TARGET = 9.3;
				MTL_ENABLE_DEBUG_INFO = YES;
				ONLY_ACTIVE_ARCH = YES;
				SDKROOT = iphoneos;
				SWIFT_OPTIMIZATION_LEVEL = "-Onone";
			};
			name = Debug;
		};
		F5DF7E1A1CC58C6900D323DD /* Release */ = {
			isa = XCBuildConfiguration;
			buildSettings = {
				ALWAYS_SEARCH_USER_PATHS = NO;
				CLANG_ANALYZER_NONNULL = YES;
				CLANG_CXX_LANGUAGE_STANDARD = "gnu++0x";
				CLANG_CXX_LIBRARY = "libc++";
				CLANG_ENABLE_MODULES = YES;
				CLANG_ENABLE_OBJC_ARC = YES;
				CLANG_WARN_BOOL_CONVERSION = YES;
				CLANG_WARN_CONSTANT_CONVERSION = YES;
				CLANG_WARN_DIRECT_OBJC_ISA_USAGE = YES_ERROR;
				CLANG_WARN_EMPTY_BODY = YES;
				CLANG_WARN_ENUM_CONVERSION = YES;
				CLANG_WARN_INT_CONVERSION = YES;
				CLANG_WARN_OBJC_ROOT_CLASS = YES_ERROR;
				CLANG_WARN_UNREACHABLE_CODE = YES;
				CLANG_WARN__DUPLICATE_METHOD_MATCH = YES;
				"CODE_SIGN_IDENTITY[sdk=iphoneos*]" = "iPhone Developer";
				COPY_PHASE_STRIP = NO;
				DEBUG_INFORMATION_FORMAT = "dwarf-with-dsym";
				ENABLE_NS_ASSERTIONS = NO;
				ENABLE_STRICT_OBJC_MSGSEND = YES;
				GCC_C_LANGUAGE_STANDARD = gnu99;
				GCC_NO_COMMON_BLOCKS = YES;
				GCC_WARN_64_TO_32_BIT_CONVERSION = YES;
				GCC_WARN_ABOUT_RETURN_TYPE = YES_ERROR;
				GCC_WARN_UNDECLARED_SELECTOR = YES;
				GCC_WARN_UNINITIALIZED_AUTOS = YES_AGGRESSIVE;
				GCC_WARN_UNUSED_FUNCTION = YES;
				GCC_WARN_UNUSED_VARIABLE = YES;
				IPHONEOS_DEPLOYMENT_TARGET = 9.3;
				MTL_ENABLE_DEBUG_INFO = NO;
				SDKROOT = iphoneos;
				VALIDATE_PRODUCT = YES;
			};
			name = Release;
		};
		F5DF7E1C1CC58C6900D323DD /* Debug */ = {
			isa = XCBuildConfiguration;
			buildSettings = {
				ASSETCATALOG_COMPILER_APPICON_NAME = AppIcon;
				INFOPLIST_FILE = superCool/Info.plist;
				LD_RUNPATH_SEARCH_PATHS = "$(inherited) @executable_path/Frameworks";
				PRODUCT_BUNDLE_IDENTIFIER = com.dhaya.superCool;
				PRODUCT_NAME = "$(TARGET_NAME)";
			};
			name = Debug;
		};
		F5DF7E1D1CC58C6900D323DD /* Release */ = {
			isa = XCBuildConfiguration;
			buildSettings = {
				ASSETCATALOG_COMPILER_APPICON_NAME = AppIcon;
				INFOPLIST_FILE = superCool/Info.plist;
				LD_RUNPATH_SEARCH_PATHS = "$(inherited) @executable_path/Frameworks";
				PRODUCT_BUNDLE_IDENTIFIER = com.dhaya.superCool;
				PRODUCT_NAME = "$(TARGET_NAME)";
			};
			name = Release;
		};
/* End XCBuildConfiguration section */

/* Begin XCConfigurationList section */
		F5DF7E041CC58C6800D323DD /* Build configuration list for PBXProject "superCool" */ = {
			isa = XCConfigurationList;
			buildConfigurations = (
				F5DF7E191CC58C6900D323DD /* Debug */,
				F5DF7E1A1CC58C6900D323DD /* Release */,
			);
			defaultConfigurationIsVisible = 0;
			defaultConfigurationName = Release;
		};
		F5DF7E1B1CC58C6900D323DD /* Build configuration list for PBXNativeTarget "superCool" */ = {
			isa = XCConfigurationList;
			buildConfigurations = (
				F5DF7E1C1CC58C6900D323DD /* Debug */,
				F5DF7E1D1CC58C6900D323DD /* Release */,
			);
			defaultConfigurationIsVisible = 0;
		};
/* End XCConfigurationList section */
	};
	rootObject = F5DF7E011CC58C6800D323DD /* Project object */;
}
